# result.lock — lens golden (the frozen behavioral anchor)

tool:            lens
version:         1.0.0
result_kind:     golden (determinism anchor + Schwarzschild capture cross-section 27 pi M^2 + I-13 RT↔baseline agreement)

# --- binary / toolchain ---
binary_blake2b:  81cc1e311b8694f94efc2f64655a00a603e1c344d72cba30014b73c0f21f928f
gpu_arch:        sm_89
gpu_device:      NVIDIA GeForce RTX 4070 Ti SUPER (16376 MiB, driver 610.47)
optix:           9.1.0
cuda:            13.1 (V13.1.80)
host_compiler:   MSVC 2022 (vcvars64)
build_cmd:       nvcc -ptx ... lens_device.cu -> python embed_ptx.py -> nvcc -O3 -arch=sm_89 lens.cu ../../lib/envelope.cpp -o lens.exe -lcuda -ladvapi32  (MODULE.md)

# --- invocation ---
seed:            0
params:          scene=bhshadow mass=1.0 width=1024 height=1024 engine=both extent=7.794229 tol_oracle=0.011719 tol_rt_px=64
cli:             lens.exe --scene bhshadow --mass 1.0 --width 1024 --height 1024 --engine both --seed 0 --json

# --- declared output ---
declared_blake2b: 11e545b8dfd19ee2d20429c68dd09ccf0da94157f2a48d9bf5b0348bc6766a2b
determinism:      byte-identical across 3 independent --golden runs on sm_89 + OptiX 9.1.0 + driver 610.47
                  (no RNG; baseline = integer pixel count; OptiX RT hit-count deterministic on the pin)
hash_domain:      canonical JSON of {seed,params,result,gates,verdict}, floats %.6f (D-013)
result:           area_measured=84.820667 vs oracle 27 pi M^2 = 84.823002, area_rel_err=0.000028 (2.8e-5);
                  hit_pixels=366012 (baseline) == hit_pixels_rt=366012 (OptiX), rt_baseline_delta=0, rt_agrees=1;
                  G-ORACLE-MISMATCH clear; G-RT-DIVERGE clear; verdict=pass
finding:          the analytic baseline reproduces the exact Schwarzschild photon-capture cross-section
                  27 pi M^2 (b_crit = sqrt(27) M) to 2.8e-5, and the OptiX RT render agrees with it
                  exactly (I-13 paired-oracle). Honest scope (D-004): geometry render only; no curved-
                  geodesic integration and NO RT-speedup claim (the compute-SPIKE is pre-registered).
run_marker:       ORRERY lens golden freeze; repo commit = the commit adding this lock
notes:            Sims prove structure (a geometric cross-section), never acquaintance. III-sealed.
